
Microsoft Visual Studio Solution File, Format Version 12.00
# Visual Studio Version 17
VisualStudioVersion = 17.14.36804.6
MinimumVisualStudioVersion = 10.0.40219.1
Project("{FAE04EC0-301F-11D3-BF4B-00C04F79EFBC}") = "Restaurants.API", "Restaurants.API\Restaurants.API.csproj", "{42B52496-A603-4A29-81DA-09A13F2B1B0D}"
EndProject
Project("{FAE04EC0-301F-11D3-BF4B-00C04F79EFBC}") = "Restaurants.Domain", "Restaurants.Domain\Restaurants.Domain.csproj", "{59F877B0-19A1-42E6-A246-70FF87227248}"
EndProject
Project("{FAE04EC0-301F-11D3-BF4B-00C04F79EFBC}") = "Restaurants.Application", "Restaurants.Application\Restaurants.Application.csproj", "{C0CA9155-F833-40BA-B4E4-CEC5858C9CE4}"
EndProject
Project("{FAE04EC0-301F-11D3-BF4B-00C04F79EFBC}") = "Restaurants.Infrastructure", "Restaurants.Infrastructure\Restaurants.Infrastructure.csproj", "{BBB0510D-B77F-47C0-A943-156CA6B88BD1}"
EndProject
Project("{FAE04EC0-301F-11D3-BF4B-00C04F79EFBC}") = "Restaurants.ApplicationTests", "Restaurants.ApplicationTests\Restaurants.ApplicationTests.csproj", "{04B1B783-6222-4A6B-BB59-968C77612FBF}"
EndProject
Global
	GlobalSection(SolutionConfigurationPlatforms) = preSolution
		Debug|Any CPU = Debug|Any CPU
		Release|Any CPU = Release|Any CPU
	EndGlobalSection
	GlobalSection(ProjectConfigurationPlatforms) = postSolution
		{42B52496-A603-4A29-81DA-09A13F2B1B0D}.Debug|Any CPU.ActiveCfg = Debug|Any CPU
		{42B52496-A603-4A29-81DA-09A13F2B1B0D}.Debug|Any CPU.Build.0 = Debug|Any CPU
		{42B52496-A603-4A29-81DA-09A13F2B1B0D}.Release|Any CPU.ActiveCfg = Release|Any CPU
		{42B52496-A603-4A29-81DA-09A13F2B1B0D}.Release|Any CPU.Build.0 = Release|Any CPU
		{59F877B0-19A1-42E6-A246-70FF87227248}.Debug|Any CPU.ActiveCfg = Debug|Any CPU
		{59F877B0-19A1-42E6-A246-70FF87227248}.Debug|Any CPU.Build.0 = Debug|Any CPU
		{59F877B0-19A1-42E6-A246-70FF87227248}.Release|Any CPU.ActiveCfg = Release|Any CPU
		{59F877B0-19A1-42E6-A246-70FF87227248}.Release|Any CPU.Build.0 = Release|Any CPU
		{C0CA9155-F833-40BA-B4E4-CEC5858C9CE4}.Debug|Any CPU.ActiveCfg = Debug|Any CPU
		{C0CA9155-F833-40BA-B4E4-CEC5858C9CE4}.Debug|Any CPU.Build.0 = Debug|Any CPU
		{C0CA9155-F833-40BA-B4E4-CEC5858C9CE4}.Release|Any CPU.ActiveCfg = Release|Any CPU
		{C0CA9155-F833-40BA-B4E4-CEC5858C9CE4}.Release|Any CPU.Build.0 = Release|Any CPU
		{BBB0510D-B77F-47C0-A943-156CA6B88BD1}.Debug|Any CPU.ActiveCfg = Debug|Any CPU
		{BBB0510D-B77F-47C0-A943-156CA6B88BD1}.Debug|Any CPU.Build.0 = Debug|Any CPU
		{BBB0510D-B77F-47C0-A943-156CA6B88BD1}.Release|Any CPU.ActiveCfg = Release|Any CPU
		{BBB0510D-B77F-47C0-A943-156CA6B88BD1}.Release|Any CPU.Build.0 = Release|Any CPU
		{04B1B783-6222-4A6B-BB59-968C77612FBF}.Debug|Any CPU.ActiveCfg = Debug|Any CPU
		{04B1B783-6222-4A6B-BB59-968C77612FBF}.Debug|Any CPU.Build.0 = Debug|Any CPU
		{04B1B783-6222-4A6B-BB59-968C77612FBF}.Release|Any CPU.ActiveCfg = Release|Any CPU
		{04B1B783-6222-4A6B-BB59-968C77612FBF}.Release|Any CPU.Build.0 = Release|Any CPU
	EndGlobalSection
	GlobalSection(SolutionProperties) = preSolution
		HideSolutionNode = FALSE
	EndGlobalSection
	GlobalSection(ExtensibilityGlobals) = postSolution
		SolutionGuid = {CEA593CB-2ACF-4389-A42F-D7E3ACAC159C}
	EndGlobalSection
EndGlobal
